
Microsoft Visual Studio Solution File, Format Version 12.00
# Visual Studio Version 17
VisualStudioVersion = 17.11.35219.272
MinimumVisualStudioVersion = 10.0.40219.1
Project("{FAE04EC0-301F-11D3-BF4B-00C04F79EFBC}") = "Adapter", "Adapter\Adapter.csproj", "{8DD3F56B-C392-4EE9-83B1-04E3ECBC0CA6}"
EndProject
Global
	GlobalSection(SolutionConfigurationPlatforms) = preSolution
		Debug|Any CPU = Debug|Any CPU
		Release|Any CPU = Release|Any CPU
	EndGlobalSection
	GlobalSection(ProjectConfigurationPlatforms) = postSolution
		{8DD3F56B-C392-4EE9-83B1-04E3ECBC0CA6}.Debug|Any CPU.ActiveCfg = Debug|Any CPU
		{8DD3F56B-C392-4EE9-83B1-04E3ECBC0CA6}.Debug|Any CPU.Build.0 = Debug|Any CPU
		{8DD3F56B-C392-4EE9-83B1-04E3ECBC0CA6}.Release|Any CPU.ActiveCfg = Release|Any CPU
		{8DD3F56B-C392-4EE9-83B1-04E3ECBC0CA6}.Release|Any CPU.Build.0 = Release|Any CPU
	EndGlobalSection
	GlobalSection(SolutionProperties) = preSolution
		HideSolutionNode = FALSE
	EndGlobalSection
	GlobalSection(ExtensibilityGlobals) = postSolution
		SolutionGuid = {6C727939-A7D7-4EA4-9ADC-BB971393032C}
	EndGlobalSection
EndGlobal
