
Microsoft Visual Studio Solution File, Format Version 12.00
# Visual Studio Version 17
VisualStudioVersion = 17.11.35219.272
MinimumVisualStudioVersion = 10.0.40219.1
Project("{FAE04EC0-301F-11D3-BF4B-00C04F79EFBC}") = "Composite Pattern", "Composite Pattern\Composite Pattern.csproj", "{8B2D1135-4C6A-4987-9B97-3960C7A420CC}"
EndProject
Global
	GlobalSection(SolutionConfigurationPlatforms) = preSolution
		Debug|Any CPU = Debug|Any CPU
		Release|Any CPU = Release|Any CPU
	EndGlobalSection
	GlobalSection(ProjectConfigurationPlatforms) = postSolution
		{8B2D1135-4C6A-4987-9B97-3960C7A420CC}.Debug|Any CPU.ActiveCfg = Debug|Any CPU
		{8B2D1135-4C6A-4987-9B97-3960C7A420CC}.Debug|Any CPU.Build.0 = Debug|Any CPU
		{8B2D1135-4C6A-4987-9B97-3960C7A420CC}.Release|Any CPU.ActiveCfg = Release|Any CPU
		{8B2D1135-4C6A-4987-9B97-3960C7A420CC}.Release|Any CPU.Build.0 = Release|Any CPU
	EndGlobalSection
	GlobalSection(SolutionProperties) = preSolution
		HideSolutionNode = FALSE
	EndGlobalSection
	GlobalSection(ExtensibilityGlobals) = postSolution
		SolutionGuid = {0A309B6C-D65D-4D92-917F-FF9409433C2C}
	EndGlobalSection
EndGlobal
